
Microsoft Visual Studio Solution File, Format Version 12.00
# Visual Studio 15
VisualStudioVersion = 15.0.26124.0
MinimumVisualStudioVersion = 15.0.26124.0
Project("{2150E333-8FDC-42A3-9474-1A3956D46DE8}") = "src", "src", "{55A68F74-8334-444B-AE5A-029D1FFDDFBC}"
EndProject
Project("{9A19103F-16F7-4668-BE54-9A1E7A4F7556}") = "Glitch", "src\Glitch\Glitch.csproj", "{207FC7E0-DAD8-4CB2-88B7-3480B9471A64}"
EndProject
Project("{9A19103F-16F7-4668-BE54-9A1E7A4F7556}") = "Veldrid", "ext\veldrid\src\Veldrid\Veldrid.csproj", "{8783DED9-65CC-405F-884B-75B750DC14C6}"
EndProject
Project("{2150E333-8FDC-42A3-9474-1A3956D46DE8}") = "ext", "ext", "{561FD30E-3EF1-4BF6-AD52-30A3658D7FC8}"
EndProject
Project("{9A19103F-16F7-4668-BE54-9A1E7A4F7556}") = "Veldrid.ImageSharp", "ext\veldrid\src\Veldrid.ImageSharp\Veldrid.ImageSharp.csproj", "{51E62590-980D-416F-984E-A428BF5A0687}"
EndProject
Project("{9A19103F-16F7-4668-BE54-9A1E7A4F7556}") = "Veldrid.ImGui", "ext\veldrid\src\Veldrid.ImGui\Veldrid.ImGui.csproj", "{00B188D6-540E-4BCD-9421-969AAF218DA2}"
EndProject
Project("{9A19103F-16F7-4668-BE54-9A1E7A4F7556}") = "Veldrid.MetalBindings", "ext\veldrid\src\Veldrid.MetalBindings\Veldrid.MetalBindings.csproj", "{EF91CD96-94C1-4C86-9842-CDADC3FDAE45}"
EndProject
Project("{9A19103F-16F7-4668-BE54-9A1E7A4F7556}") = "Veldrid.OpenGLBindings", "ext\veldrid\src\Veldrid.OpenGLBindings\Veldrid.OpenGLBindings.csproj", "{4C7A96F3-5DBB-418C-8887-960F34B60C8A}"
EndProject
Project("{9A19103F-16F7-4668-BE54-9A1E7A4F7556}") = "Veldrid.SDL2", "ext\veldrid\src\Veldrid.SDL2\Veldrid.SDL2.csproj", "{917B4CE8-3F69-41E5-A631-F2C23B8DE475}"
EndProject
Project("{9A19103F-16F7-4668-BE54-9A1E7A4F7556}") = "Veldrid.StartupUtilities", "ext\veldrid\src\Veldrid.StartupUtilities\Veldrid.StartupUtilities.csproj", "{88EABA8F-F553-4BC7-B794-7671FC3B827F}"
EndProject
Project("{9A19103F-16F7-4668-BE54-9A1E7A4F7556}") = "Veldrid.Utilities", "ext\veldrid\src\Veldrid.Utilities\Veldrid.Utilities.csproj", "{C2E04DFA-C7A7-4CB7-A8E5-30C2877DBA49}"
EndProject
Project("{9A19103F-16F7-4668-BE54-9A1E7A4F7556}") = "Spark", "src\Spark\Spark.csproj", "{A8B56269-6FF2-470B-B027-CDEB95956F2F}"
EndProject
Project("{9A19103F-16F7-4668-BE54-9A1E7A4F7556}") = "NeoDemo", "ext\veldrid\src\NeoDemo\NeoDemo.csproj", "{2ED7B4D8-BAA9-4CD6-AFC0-721C36F60CDC}"
EndProject
Global
	GlobalSection(SolutionConfigurationPlatforms) = preSolution
		Debug|Any CPU = Debug|Any CPU
		Debug|x64 = Debug|x64
		Debug|x86 = Debug|x86
		Release|Any CPU = Release|Any CPU
		Release|x64 = Release|x64
		Release|x86 = Release|x86
	EndGlobalSection
	GlobalSection(ProjectConfigurationPlatforms) = postSolution
		{207FC7E0-DAD8-4CB2-88B7-3480B9471A64}.Debug|Any CPU.ActiveCfg = Debug|Any CPU
		{207FC7E0-DAD8-4CB2-88B7-3480B9471A64}.Debug|Any CPU.Build.0 = Debug|Any CPU
		{207FC7E0-DAD8-4CB2-88B7-3480B9471A64}.Debug|x64.ActiveCfg = Debug|Any CPU
		{207FC7E0-DAD8-4CB2-88B7-3480B9471A64}.Debug|x64.Build.0 = Debug|Any CPU
		{207FC7E0-DAD8-4CB2-88B7-3480B9471A64}.Debug|x86.ActiveCfg = Debug|Any CPU
		{207FC7E0-DAD8-4CB2-88B7-3480B9471A64}.Debug|x86.Build.0 = Debug|Any CPU
		{207FC7E0-DAD8-4CB2-88B7-3480B9471A64}.Release|Any CPU.ActiveCfg = Release|Any CPU
		{207FC7E0-DAD8-4CB2-88B7-3480B9471A64}.Release|Any CPU.Build.0 = Release|Any CPU
		{207FC7E0-DAD8-4CB2-88B7-3480B9471A64}.Release|x64.ActiveCfg = Release|Any CPU
		{207FC7E0-DAD8-4CB2-88B7-3480B9471A64}.Release|x64.Build.0 = Release|Any CPU
		{207FC7E0-DAD8-4CB2-88B7-3480B9471A64}.Release|x86.ActiveCfg = Release|Any CPU
		{207FC7E0-DAD8-4CB2-88B7-3480B9471A64}.Release|x86.Build.0 = Release|Any CPU
		{8783DED9-65CC-405F-884B-75B750DC14C6}.Debug|Any CPU.ActiveCfg = Debug|Any CPU
		{8783DED9-65CC-405F-884B-75B750DC14C6}.Debug|Any CPU.Build.0 = Debug|Any CPU
		{8783DED9-65CC-405F-884B-75B750DC14C6}.Debug|x64.ActiveCfg = Debug|Any CPU
		{8783DED9-65CC-405F-884B-75B750DC14C6}.Debug|x64.Build.0 = Debug|Any CPU
		{8783DED9-65CC-405F-884B-75B750DC14C6}.Debug|x86.ActiveCfg = Debug|Any CPU
		{8783DED9-65CC-405F-884B-75B750DC14C6}.Debug|x86.Build.0 = Debug|Any CPU
		{8783DED9-65CC-405F-884B-75B750DC14C6}.Release|Any CPU.ActiveCfg = Release|Any CPU
		{8783DED9-65CC-405F-884B-75B750DC14C6}.Release|Any CPU.Build.0 = Release|Any CPU
		{8783DED9-65CC-405F-884B-75B750DC14C6}.Release|x64.ActiveCfg = Release|Any CPU
		{8783DED9-65CC-405F-884B-75B750DC14C6}.Release|x64.Build.0 = Release|Any CPU
		{8783DED9-65CC-405F-884B-75B750DC14C6}.Release|x86.ActiveCfg = Release|Any CPU
		{8783DED9-65CC-405F-884B-75B750DC14C6}.Release|x86.Build.0 = Release|Any CPU
		{51E62590-980D-416F-984E-A428BF5A0687}.Debug|Any CPU.ActiveCfg = Debug|Any CPU
		{51E62590-980D-416F-984E-A428BF5A0687}.Debug|Any CPU.Build.0 = Debug|Any CPU
		{51E62590-980D-416F-984E-A428BF5A0687}.Debug|x64.ActiveCfg = Debug|Any CPU
		{51E62590-980D-416F-984E-A428BF5A0687}.Debug|x64.Build.0 = Debug|Any CPU
		{51E62590-980D-416F-984E-A428BF5A0687}.Debug|x86.ActiveCfg = Debug|Any CPU
		{51E62590-980D-416F-984E-A428BF5A0687}.Debug|x86.Build.0 = Debug|Any CPU
		{51E62590-980D-416F-984E-A428BF5A0687}.Release|Any CPU.ActiveCfg = Release|Any CPU
		{51E62590-980D-416F-984E-A428BF5A0687}.Release|Any CPU.Build.0 = Release|Any CPU
		{51E62590-980D-416F-984E-A428BF5A0687}.Release|x64.ActiveCfg = Release|Any CPU
		{51E62590-980D-416F-984E-A428BF5A0687}.Release|x64.Build.0 = Release|Any CPU
		{51E62590-980D-416F-984E-A428BF5A0687}.Release|x86.ActiveCfg = Release|Any CPU
		{51E62590-980D-416F-984E-A428BF5A0687}.Release|x86.Build.0 = Release|Any CPU
		{00B188D6-540E-4BCD-9421-969AAF218DA2}.Debug|Any CPU.ActiveCfg = Debug|Any CPU
		{00B188D6-540E-4BCD-9421-969AAF218DA2}.Debug|Any CPU.Build.0 = Debug|Any CPU
		{00B188D6-540E-4BCD-9421-969AAF218DA2}.Debug|x64.ActiveCfg = Debug|Any CPU
		{00B188D6-540E-4BCD-9421-969AAF218DA2}.Debug|x64.Build.0 = Debug|Any CPU
		{00B188D6-540E-4BCD-9421-969AAF218DA2}.Debug|x86.ActiveCfg = Debug|Any CPU
		{00B188D6-540E-4BCD-9421-969AAF218DA2}.Debug|x86.Build.0 = Debug|Any CPU
		{00B188D6-540E-4BCD-9421-969AAF218DA2}.Release|Any CPU.ActiveCfg = Release|Any CPU
		{00B188D6-540E-4BCD-9421-969AAF218DA2}.Release|Any CPU.Build.0 = Release|Any CPU
		{00B188D6-540E-4BCD-9421-969AAF218DA2}.Release|x64.ActiveCfg = Release|Any CPU
		{00B188D6-540E-4BCD-9421-969AAF218DA2}.Release|x64.Build.0 = Release|Any CPU
		{00B188D6-540E-4BCD-9421-969AAF218DA2}.Release|x86.ActiveCfg = Release|Any CPU
		{00B188D6-540E-4BCD-9421-969AAF218DA2}.Release|x86.Build.0 = Release|Any CPU
		{EF91CD96-94C1-4C86-9842-CDADC3FDAE45}.Debug|Any CPU.ActiveCfg = Debug|Any CPU
		{EF91CD96-94C1-4C86-9842-CDADC3FDAE45}.Debug|Any CPU.Build.0 = Debug|Any CPU
		{EF91CD96-94C1-4C86-9842-CDADC3FDAE45}.Debug|x64.ActiveCfg = Debug|Any CPU
		{EF91CD96-94C1-4C86-9842-CDADC3FDAE45}.Debug|x64.Build.0 = Debug|Any CPU
		{EF91CD96-94C1-4C86-9842-CDADC3FDAE45}.Debug|x86.ActiveCfg = Debug|Any CPU
		{EF91CD96-94C1-4C86-9842-CDADC3FDAE45}.Debug|x86.Build.0 = Debug|Any CPU
		{EF91CD96-94C1-4C86-9842-CDADC3FDAE45}.Release|Any CPU.ActiveCfg = Release|Any CPU
		{EF91CD96-94C1-4C86-9842-CDADC3FDAE45}.Release|Any CPU.Build.0 = Release|Any CPU
		{EF91CD96-94C1-4C86-9842-CDADC3FDAE45}.Release|x64.ActiveCfg = Release|Any CPU
		{EF91CD96-94C1-4C86-9842-CDADC3FDAE45}.Release|x64.Build.0 = Release|Any CPU
		{EF91CD96-94C1-4C86-9842-CDADC3FDAE45}.Release|x86.ActiveCfg = Release|Any CPU
		{EF91CD96-94C1-4C86-9842-CDADC3FDAE45}.Release|x86.Build.0 = Release|Any CPU
		{4C7A96F3-5DBB-418C-8887-960F34B60C8A}.Debug|Any CPU.ActiveCfg = Debug|Any CPU
		{4C7A96F3-5DBB-418C-8887-960F34B60C8A}.Debug|Any CPU.Build.0 = Debug|Any CPU
		{4C7A96F3-5DBB-418C-8887-960F34B60C8A}.Debug|x64.ActiveCfg = Debug|Any CPU
		{4C7A96F3-5DBB-418C-8887-960F34B60C8A}.Debug|x64.Build.0 = Debug|Any CPU
		{4C7A96F3-5DBB-418C-8887-960F34B60C8A}.Debug|x86.ActiveCfg = Debug|Any CPU
		{4C7A96F3-5DBB-418C-8887-960F34B60C8A}.Debug|x86.Build.0 = Debug|Any CPU
		{4C7A96F3-5DBB-418C-8887-960F34B60C8A}.Release|Any CPU.ActiveCfg = Release|Any CPU
		{4C7A96F3-5DBB-418C-8887-960F34B60C8A}.Release|Any CPU.Build.0 = Release|Any CPU
		{4C7A96F3-5DBB-418C-8887-960F34B60C8A}.Release|x64.ActiveCfg = Release|Any CPU
		{4C7A96F3-5DBB-418C-8887-960F34B60C8A}.Release|x64.Build.0 = Release|Any CPU
		{4C7A96F3-5DBB-418C-8887-960F34B60C8A}.Release|x86.ActiveCfg = Release|Any CPU
		{4C7A96F3-5DBB-418C-8887-960F34B60C8A}.Release|x86.Build.0 = Release|Any CPU
		{917B4CE8-3F69-41E5-A631-F2C23B8DE475}.Debug|Any CPU.ActiveCfg = Debug|Any CPU
		{917B4CE8-3F69-41E5-A631-F2C23B8DE475}.Debug|Any CPU.Build.0 = Debug|Any CPU
		{917B4CE8-3F69-41E5-A631-F2C23B8DE475}.Debug|x64.ActiveCfg = Debug|Any CPU
		{917B4CE8-3F69-41E5-A631-F2C23B8DE475}.Debug|x64.Build.0 = Debug|Any CPU
		{917B4CE8-3F69-41E5-A631-F2C23B8DE475}.Debug|x86.ActiveCfg = Debug|Any CPU
		{917B4CE8-3F69-41E5-A631-F2C23B8DE475}.Debug|x86.Build.0 = Debug|Any CPU
		{917B4CE8-3F69-41E5-A631-F2C23B8DE475}.Release|Any CPU.ActiveCfg = Release|Any CPU
		{917B4CE8-3F69-41E5-A631-F2C23B8DE475}.Release|Any CPU.Build.0 = Release|Any CPU
		{917B4CE8-3F69-41E5-A631-F2C23B8DE475}.Release|x64.ActiveCfg = Release|Any CPU
		{917B4CE8-3F69-41E5-A631-F2C23B8DE475}.Release|x64.Build.0 = Release|Any CPU
		{917B4CE8-3F69-41E5-A631-F2C23B8DE475}.Release|x86.ActiveCfg = Release|Any CPU
		{917B4CE8-3F69-41E5-A631-F2C23B8DE475}.Release|x86.Build.0 = Release|Any CPU
		{88EABA8F-F553-4BC7-B794-7671FC3B827F}.Debug|Any CPU.ActiveCfg = Debug|Any CPU
		{88EABA8F-F553-4BC7-B794-7671FC3B827F}.Debug|Any CPU.Build.0 = Debug|Any CPU
		{88EABA8F-F553-4BC7-B794-7671FC3B827F}.Debug|x64.ActiveCfg = Debug|Any CPU
		{88EABA8F-F553-4BC7-B794-7671FC3B827F}.Debug|x64.Build.0 = Debug|Any CPU
		{88EABA8F-F553-4BC7-B794-7671FC3B827F}.Debug|x86.ActiveCfg = Debug|Any CPU
		{88EABA8F-F553-4BC7-B794-7671FC3B827F}.Debug|x86.Build.0 = Debug|Any CPU
		{88EABA8F-F553-4BC7-B794-7671FC3B827F}.Release|Any CPU.ActiveCfg = Release|Any CPU
		{88EABA8F-F553-4BC7-B794-7671FC3B827F}.Release|Any CPU.Build.0 = Release|Any CPU
		{88EABA8F-F553-4BC7-B794-7671FC3B827F}.Release|x64.ActiveCfg = Release|Any CPU
		{88EABA8F-F553-4BC7-B794-7671FC3B827F}.Release|x64.Build.0 = Release|Any CPU
		{88EABA8F-F553-4BC7-B794-7671FC3B827F}.Release|x86.ActiveCfg = Release|Any CPU
		{88EABA8F-F553-4BC7-B794-7671FC3B827F}.Release|x86.Build.0 = Release|Any CPU
		{C2E04DFA-C7A7-4CB7-A8E5-30C2877DBA49}.Debug|Any CPU.ActiveCfg = Debug|Any CPU
		{C2E04DFA-C7A7-4CB7-A8E5-30C2877DBA49}.Debug|Any CPU.Build.0 = Debug|Any CPU
		{C2E04DFA-C7A7-4CB7-A8E5-30C2877DBA49}.Debug|x64.ActiveCfg = Debug|Any CPU
		{C2E04DFA-C7A7-4CB7-A8E5-30C2877DBA49}.Debug|x64.Build.0 = Debug|Any CPU
		{C2E04DFA-C7A7-4CB7-A8E5-30C2877DBA49}.Debug|x86.ActiveCfg = Debug|Any CPU
		{C2E04DFA-C7A7-4CB7-A8E5-30C2877DBA49}.Debug|x86.Build.0 = Debug|Any CPU
		{C2E04DFA-C7A7-4CB7-A8E5-30C2877DBA49}.Release|Any CPU.ActiveCfg = Release|Any CPU
		{C2E04DFA-C7A7-4CB7-A8E5-30C2877DBA49}.Release|Any CPU.Build.0 = Release|Any CPU
		{C2E04DFA-C7A7-4CB7-A8E5-30C2877DBA49}.Release|x64.ActiveCfg = Release|Any CPU
		{C2E04DFA-C7A7-4CB7-A8E5-30C2877DBA49}.Release|x64.Build.0 = Release|Any CPU
		{C2E04DFA-C7A7-4CB7-A8E5-30C2877DBA49}.Release|x86.ActiveCfg = Release|Any CPU
		{C2E04DFA-C7A7-4CB7-A8E5-30C2877DBA49}.Release|x86.Build.0 = Release|Any CPU
		{A8B56269-6FF2-470B-B027-CDEB95956F2F}.Debug|Any CPU.ActiveCfg = Debug|Any CPU
		{A8B56269-6FF2-470B-B027-CDEB95956F2F}.Debug|Any CPU.Build.0 = Debug|Any CPU
		{A8B56269-6FF2-470B-B027-CDEB95956F2F}.Debug|x64.ActiveCfg = Debug|Any CPU
		{A8B56269-6FF2-470B-B027-CDEB95956F2F}.Debug|x64.Build.0 = Debug|Any CPU
		{A8B56269-6FF2-470B-B027-CDEB95956F2F}.Debug|x86.ActiveCfg = Debug|Any CPU
		{A8B56269-6FF2-470B-B027-CDEB95956F2F}.Debug|x86.Build.0 = Debug|Any CPU
		{A8B56269-6FF2-470B-B027-CDEB95956F2F}.Release|Any CPU.ActiveCfg = Release|Any CPU
		{A8B56269-6FF2-470B-B027-CDEB95956F2F}.Release|Any CPU.Build.0 = Release|Any CPU
		{A8B56269-6FF2-470B-B027-CDEB95956F2F}.Release|x64.ActiveCfg = Release|Any CPU
		{A8B56269-6FF2-470B-B027-CDEB95956F2F}.Release|x64.Build.0 = Release|Any CPU
		{A8B56269-6FF2-470B-B027-CDEB95956F2F}.Release|x86.ActiveCfg = Release|Any CPU
		{A8B56269-6FF2-470B-B027-CDEB95956F2F}.Release|x86.Build.0 = Release|Any CPU
		{2ED7B4D8-BAA9-4CD6-AFC0-721C36F60CDC}.Debug|Any CPU.ActiveCfg = Debug|Any CPU
		{2ED7B4D8-BAA9-4CD6-AFC0-721C36F60CDC}.Debug|Any CPU.Build.0 = Debug|Any CPU
		{2ED7B4D8-BAA9-4CD6-AFC0-721C36F60CDC}.Debug|x64.ActiveCfg = Debug|Any CPU
		{2ED7B4D8-BAA9-4CD6-AFC0-721C36F60CDC}.Debug|x64.Build.0 = Debug|Any CPU
		{2ED7B4D8-BAA9-4CD6-AFC0-721C36F60CDC}.Debug|x86.ActiveCfg = Debug|Any CPU
		{2ED7B4D8-BAA9-4CD6-AFC0-721C36F60CDC}.Debug|x86.Build.0 = Debug|Any CPU
		{2ED7B4D8-BAA9-4CD6-AFC0-721C36F60CDC}.Release|Any CPU.ActiveCfg = Release|Any CPU
		{2ED7B4D8-BAA9-4CD6-AFC0-721C36F60CDC}.Release|Any CPU.Build.0 = Release|Any CPU
		{2ED7B4D8-BAA9-4CD6-AFC0-721C36F60CDC}.Release|x64.ActiveCfg = Release|Any CPU
		{2ED7B4D8-BAA9-4CD6-AFC0-721C36F60CDC}.Release|x64.Build.0 = Release|Any CPU
		{2ED7B4D8-BAA9-4CD6-AFC0-721C36F60CDC}.Release|x86.ActiveCfg = Release|Any CPU
		{2ED7B4D8-BAA9-4CD6-AFC0-721C36F60CDC}.Release|x86.Build.0 = Release|Any CPU
	EndGlobalSection
	GlobalSection(SolutionProperties) = preSolution
		HideSolutionNode = FALSE
	EndGlobalSection
	GlobalSection(NestedProjects) = preSolution
		{207FC7E0-DAD8-4CB2-88B7-3480B9471A64} = {55A68F74-8334-444B-AE5A-029D1FFDDFBC}
		{8783DED9-65CC-405F-884B-75B750DC14C6} = {561FD30E-3EF1-4BF6-AD52-30A3658D7FC8}
		{51E62590-980D-416F-984E-A428BF5A0687} = {561FD30E-3EF1-4BF6-AD52-30A3658D7FC8}
		{00B188D6-540E-4BCD-9421-969AAF218DA2} = {561FD30E-3EF1-4BF6-AD52-30A3658D7FC8}
		{EF91CD96-94C1-4C86-9842-CDADC3FDAE45} = {561FD30E-3EF1-4BF6-AD52-30A3658D7FC8}
		{4C7A96F3-5DBB-418C-8887-960F34B60C8A} = {561FD30E-3EF1-4BF6-AD52-30A3658D7FC8}
		{917B4CE8-3F69-41E5-A631-F2C23B8DE475} = {561FD30E-3EF1-4BF6-AD52-30A3658D7FC8}
		{88EABA8F-F553-4BC7-B794-7671FC3B827F} = {561FD30E-3EF1-4BF6-AD52-30A3658D7FC8}
		{C2E04DFA-C7A7-4CB7-A8E5-30C2877DBA49} = {561FD30E-3EF1-4BF6-AD52-30A3658D7FC8}
		{A8B56269-6FF2-470B-B027-CDEB95956F2F} = {55A68F74-8334-444B-AE5A-029D1FFDDFBC}
		{2ED7B4D8-BAA9-4CD6-AFC0-721C36F60CDC} = {561FD30E-3EF1-4BF6-AD52-30A3658D7FC8}
	EndGlobalSection
	GlobalSection(ExtensibilityGlobals) = postSolution
		SolutionGuid = {7BAA15FF-F81E-40CC-A485-3034068E44E8}
	EndGlobalSection
EndGlobal
